
Microsoft Visual Studio Solution File, Format Version 12.00
# Visual Studio Version 17
VisualStudioVersion = 17.0.31912.275
MinimumVisualStudioVersion = 10.0.40219.1
Project("{2150E333-8FDC-42A3-9474-1A3956D46DE8}") = "Services", "Services", "{57D5CC27-CFC7-42A1-8CC2-C0A45939DA12}"
	ProjectSection(SolutionItems) = preProject
		Note.txt = Note.txt
	EndProjectSection
EndProject
Project("{2150E333-8FDC-42A3-9474-1A3956D46DE8}") = "Catalog", "Catalog", "{507528E2-237C-4892-814A-88985D30ECD2}"
EndProject
Project("{9A19103F-16F7-4668-BE54-9A1E7A4F7556}") = "Catalog.API", "Services\Catalog\Catalog.API\Catalog.API.csproj", "{8DFBE863-E375-4967-B603-1B6FD95F2793}"
EndProject
Project("{E53339B2-1760-4266-BCC7-CA923CBCF16C}") = "docker-compose", "docker-compose.dcproj", "{1BDCAC43-5E67-4E37-8E86-BF694B52B2B0}"
EndProject
Project("{2150E333-8FDC-42A3-9474-1A3956D46DE8}") = "Basket", "Basket", "{73ED1F97-1064-433A-8A9C-FDD2728AE4B2}"
EndProject
Project("{9A19103F-16F7-4668-BE54-9A1E7A4F7556}") = "Basket.API", "Services\Basket\Basket.API\Basket.API.csproj", "{4EA6DB43-47DB-4591-8AB8-D27738F2721F}"
EndProject
Project("{2150E333-8FDC-42A3-9474-1A3956D46DE8}") = "Dicount", "Dicount", "{926902AE-BA8F-4868-BCFB-DE83C19ED8C3}"
EndProject
Project("{9A19103F-16F7-4668-BE54-9A1E7A4F7556}") = "Discount.API", "Services\Discount\Discount.API\Discount.API.csproj", "{97B23079-D56E-499B-98D5-3301D0C355F6}"
EndProject
Project("{9A19103F-16F7-4668-BE54-9A1E7A4F7556}") = "Discount.Grpc", "Services\Discount\Discount.Grpc\Discount.Grpc.csproj", "{420E7303-26FE-4B9C-9017-98FE37B11319}"
EndProject
Global
	GlobalSection(SolutionConfigurationPlatforms) = preSolution
		Debug|Any CPU = Debug|Any CPU
		Release|Any CPU = Release|Any CPU
	EndGlobalSection
	GlobalSection(ProjectConfigurationPlatforms) = postSolution
		{8DFBE863-E375-4967-B603-1B6FD95F2793}.Debug|Any CPU.ActiveCfg = Debug|Any CPU
		{8DFBE863-E375-4967-B603-1B6FD95F2793}.Debug|Any CPU.Build.0 = Debug|Any CPU
		{8DFBE863-E375-4967-B603-1B6FD95F2793}.Release|Any CPU.ActiveCfg = Release|Any CPU
		{8DFBE863-E375-4967-B603-1B6FD95F2793}.Release|Any CPU.Build.0 = Release|Any CPU
		{1BDCAC43-5E67-4E37-8E86-BF694B52B2B0}.Debug|Any CPU.ActiveCfg = Debug|Any CPU
		{1BDCAC43-5E67-4E37-8E86-BF694B52B2B0}.Debug|Any CPU.Build.0 = Debug|Any CPU
		{1BDCAC43-5E67-4E37-8E86-BF694B52B2B0}.Release|Any CPU.ActiveCfg = Release|Any CPU
		{1BDCAC43-5E67-4E37-8E86-BF694B52B2B0}.Release|Any CPU.Build.0 = Release|Any CPU
		{4EA6DB43-47DB-4591-8AB8-D27738F2721F}.Debug|Any CPU.ActiveCfg = Debug|Any CPU
		{4EA6DB43-47DB-4591-8AB8-D27738F2721F}.Debug|Any CPU.Build.0 = Debug|Any CPU
		{4EA6DB43-47DB-4591-8AB8-D27738F2721F}.Release|Any CPU.ActiveCfg = Release|Any CPU
		{4EA6DB43-47DB-4591-8AB8-D27738F2721F}.Release|Any CPU.Build.0 = Release|Any CPU
		{97B23079-D56E-499B-98D5-3301D0C355F6}.Debug|Any CPU.ActiveCfg = Debug|Any CPU
		{97B23079-D56E-499B-98D5-3301D0C355F6}.Debug|Any CPU.Build.0 = Debug|Any CPU
		{97B23079-D56E-499B-98D5-3301D0C355F6}.Release|Any CPU.ActiveCfg = Release|Any CPU
		{97B23079-D56E-499B-98D5-3301D0C355F6}.Release|Any CPU.Build.0 = Release|Any CPU
		{420E7303-26FE-4B9C-9017-98FE37B11319}.Debug|Any CPU.ActiveCfg = Debug|Any CPU
		{420E7303-26FE-4B9C-9017-98FE37B11319}.Debug|Any CPU.Build.0 = Debug|Any CPU
		{420E7303-26FE-4B9C-9017-98FE37B11319}.Release|Any CPU.ActiveCfg = Release|Any CPU
		{420E7303-26FE-4B9C-9017-98FE37B11319}.Release|Any CPU.Build.0 = Release|Any CPU
	EndGlobalSection
	GlobalSection(SolutionProperties) = preSolution
		HideSolutionNode = FALSE
	EndGlobalSection
	GlobalSection(NestedProjects) = preSolution
		{507528E2-237C-4892-814A-88985D30ECD2} = {57D5CC27-CFC7-42A1-8CC2-C0A45939DA12}
		{8DFBE863-E375-4967-B603-1B6FD95F2793} = {507528E2-237C-4892-814A-88985D30ECD2}
		{73ED1F97-1064-433A-8A9C-FDD2728AE4B2} = {57D5CC27-CFC7-42A1-8CC2-C0A45939DA12}
		{4EA6DB43-47DB-4591-8AB8-D27738F2721F} = {73ED1F97-1064-433A-8A9C-FDD2728AE4B2}
		{926902AE-BA8F-4868-BCFB-DE83C19ED8C3} = {57D5CC27-CFC7-42A1-8CC2-C0A45939DA12}
		{97B23079-D56E-499B-98D5-3301D0C355F6} = {926902AE-BA8F-4868-BCFB-DE83C19ED8C3}
		{420E7303-26FE-4B9C-9017-98FE37B11319} = {926902AE-BA8F-4868-BCFB-DE83C19ED8C3}
	EndGlobalSection
	GlobalSection(ExtensibilityGlobals) = postSolution
		SolutionGuid = {0432ACFF-3921-461A-8943-AFF130F18835}
	EndGlobalSection
EndGlobal
